<?xml version="1.0" encoding="utf-8"?>
<Project ToolsVersion="4.0" xmlns="http://schemas.microsoft.com/developer/msbuild/2003">
  <ItemGroup>
    <Filter Include="Source Files">
      <UniqueIdentifier>{4FC737F1-C7A5-4376-A066-2A32D752A2FF}</UniqueIdentifier>
      <Extensions>cpp;c;cc;cxx;def;odl;idl;hpj;bat;asm;asmx</Extensions>
    </Filter>
    <Filter Include="Header Files">
      <UniqueIdentifier>{93995380-89BD-4b04-88EB-625FBE52EBFB}</UniqueIdentifier>
      <Extensions>h;hh;hpp;hxx;hm;inl;inc;xsd</Extensions>
    </Filter>
    <Filter Include="Resource Files">
      <UniqueIdentifier>{67DA6AB6-F800-4c08-8B7A-83BB121AAD01}</UniqueIdentifier>
      <Extensions>rc;ico;cur;bmp;dlg;rc2;rct;bin;rgs;gif;jpg;jpeg;jpe;resx;tiff;tif;png;wav;mfcribbon-ms</Extensions>
    </Filter>
    <Filter Include="Header Files\primitives">
      <UniqueIdentifier>{a52cea2b-d7a9-4f37-9ae9-ce2c5897ea6a}</UniqueIdentifier>
    </Filter>
    <Filter Include="Header Files\redact">
      <UniqueIdentifier>{bc97adb2-ba3c-46c6-aaf6-3afd7f429cff}</UniqueIdentifier>
    </Filter>
    <Filter Include="Source Files\osu_primitives">
      <UniqueIdentifier>{7acf3d68-7408-4955-bc37-03a925f4a095}</UniqueIdentifier>
    </Filter>
    <Filter Include="Source Files\osuobj_primitives">
      <UniqueIdentifier>{2d723e7b-d522-44d0-b3d8-cb7fb91c9163}</UniqueIdentifier>
    </Filter>
    <Filter Include="Header Files\derived">
      <UniqueIdentifier>{d80e1688-9c74-4349-842b-874cb2c9ea9a}</UniqueIdentifier>
    </Filter>
    <Filter Include="Header Files\base">
      <UniqueIdentifier>{29acbc16-e51d-46dd-890b-0476fd93bd18}</UniqueIdentifier>
    </Filter>
    <Filter Include="Source Files\derived">
      <UniqueIdentifier>{1906443b-6b0f-4b8a-97d9-3024250b711a}</UniqueIdentifier>
    </Filter>
    <Filter Include="Source Files\base">
      <UniqueIdentifier>{0dd88023-f4cc-4728-8827-4a92d7f02a1d}</UniqueIdentifier>
    </Filter>
  </ItemGroup>
  <ItemGroup>
    <Text Include="ReadMe.txt" />
  </ItemGroup>
  <ItemGroup>
    <ClInclude Include="stdafx.h">
      <Filter>Header Files\redact</Filter>
    </ClInclude>
    <ClInclude Include="targetver.h">
      <Filter>Header Files\redact</Filter>
    </ClInclude>
    <ClInclude Include="lib\primitives\bounded\BoundedDouble.h">
      <Filter>Header Files\primitives</Filter>
    </ClInclude>
    <ClInclude Include="lib\primitives\bounded\BoundedInt.h">
      <Filter>Header Files\primitives</Filter>
    </ClInclude>
    <ClInclude Include="lib\DBug.h">
      <Filter>Header Files</Filter>
    </ClInclude>
    <ClInclude Include="lib\OsuAlgorithm.h">
      <Filter>Header Files</Filter>
    </ClInclude>
    <ClInclude Include="lib\OsuException.h">
      <Filter>Header Files</Filter>
    </ClInclude>
    <ClInclude Include="lib\primitives\derived_sb\SpriteObject.h">
      <Filter>Header Files</Filter>
    </ClInclude>
    <ClInclude Include="lib\primitives\enums\SampleSet.h">
      <Filter>Header Files</Filter>
    </ClInclude>
    <ClInclude Include="lib\primitives\derived_chart\HitObject.h">
      <Filter>Header Files\derived</Filter>
    </ClInclude>
    <ClInclude Include="lib\primitives\derived_chart\HitObjectList.h">
      <Filter>Header Files\derived</Filter>
    </ClInclude>
    <ClInclude Include="lib\primitives\derived_chart\TimingPoint.h">
      <Filter>Header Files\derived</Filter>
    </ClInclude>
    <ClInclude Include="lib\primitives\derived_chart\TimingPointList.h">
      <Filter>Header Files\derived</Filter>
    </ClInclude>
    <ClInclude Include="lib\primitives\OsuObject.h">
      <Filter>Header Files\base</Filter>
    </ClInclude>
    <ClInclude Include="lib\primitives\OsuObjectList.h">
      <Filter>Header Files\base</Filter>
    </ClInclude>
  </ItemGroup>
  <ItemGroup>
    <ClCompile Include="stdafx.cpp">
      <Filter>Source Files</Filter>
    </ClCompile>
    <ClCompile Include="osuParse.cpp">
      <Filter>Source Files</Filter>
    </ClCompile>
    <ClCompile Include="lib\DBug.cpp">
      <Filter>Source Files</Filter>
    </ClCompile>
    <ClCompile Include="lib\OsuAlgorithm.cpp">
      <Filter>Source Files</Filter>
    </ClCompile>
    <ClCompile Include="lib\primitives\derived_sb\SpriteObject.cpp">
      <Filter>Source Files</Filter>
    </ClCompile>
    <ClCompile Include="lib\OsuException.cpp">
      <Filter>Source Files</Filter>
    </ClCompile>
    <ClCompile Include="lib\primitives\OsuObject.cpp">
      <Filter>Source Files\base</Filter>
    </ClCompile>
    <ClCompile Include="lib\primitives\derived_chart\HitObject.cpp">
      <Filter>Source Files\derived</Filter>
    </ClCompile>
    <ClCompile Include="lib\primitives\derived_chart\HitObjectList.cpp">
      <Filter>Source Files\derived</Filter>
    </ClCompile>
    <ClCompile Include="lib\primitives\derived_chart\TimingPoint.cpp">
      <Filter>Source Files\derived</Filter>
    </ClCompile>
    <ClCompile Include="lib\primitives\derived_chart\TimingPointList.cpp">
      <Filter>Source Files\derived</Filter>
    </ClCompile>
  </ItemGroup>
  <ItemGroup>
    <None Include="packages.config" />
  </ItemGroup>
</Project>