<?xml version="1.0" encoding="utf-8"?>
<Project ToolsVersion="4.0" xmlns="http://schemas.microsoft.com/developer/msbuild/2003">
  <ItemGroup>
    <Filter Include="Source Files">
      <UniqueIdentifier>{4FC737F1-C7A5-4376-A066-2A32D752A2FF}</UniqueIdentifier>
      <Extensions>cpp;c;cc;cxx;def;odl;idl;hpj;bat;asm;asmx</Extensions>
    </Filter>
    <Filter Include="Header Files">
      <UniqueIdentifier>{93995380-89BD-4b04-88EB-625FBE52EBFB}</UniqueIdentifier>
      <Extensions>h;hh;hpp;hxx;hm;inl;inc;xsd</Extensions>
    </Filter>
    <Filter Include="Resource Files">
      <UniqueIdentifier>{67DA6AB6-F800-4c08-8B7A-83BB121AAD01}</UniqueIdentifier>
      <Extensions>rc;ico;cur;bmp;dlg;rc2;rct;bin;rgs;gif;jpg;jpeg;jpe;resx;tiff;tif;png;wav;mfcribbon-ms</Extensions>
    </Filter>
    <Filter Include="Header Files\primitives">
      <UniqueIdentifier>{a52cea2b-d7a9-4f37-9ae9-ce2c5897ea6a}</UniqueIdentifier>
    </Filter>
    <Filter Include="Source Files\primitives">
      <UniqueIdentifier>{5793cf88-e6cf-4536-b0f8-1373c3bbf129}</UniqueIdentifier>
    </Filter>
    <Filter Include="Header Files\redact">
      <UniqueIdentifier>{bc97adb2-ba3c-46c6-aaf6-3afd7f429cff}</UniqueIdentifier>
    </Filter>
  </ItemGroup>
  <ItemGroup>
    <Text Include="ReadMe.txt" />
  </ItemGroup>
  <ItemGroup>
    <ClInclude Include="TimingPoint.h">
      <Filter>Header Files</Filter>
    </ClInclude>
    <ClInclude Include="HitObject.h">
      <Filter>Header Files</Filter>
    </ClInclude>
    <ClInclude Include="HitObjectList.h">
      <Filter>Header Files</Filter>
    </ClInclude>
    <ClInclude Include="TimingPointList.h">
      <Filter>Header Files</Filter>
    </ClInclude>
    <ClInclude Include="BoundedDouble.h">
      <Filter>Header Files\primitives</Filter>
    </ClInclude>
    <ClInclude Include="BoundedInt.h">
      <Filter>Header Files\primitives</Filter>
    </ClInclude>
    <ClInclude Include="SampleSet.h">
      <Filter>Header Files\primitives</Filter>
    </ClInclude>
    <ClInclude Include="OsuObject.h">
      <Filter>Header Files</Filter>
    </ClInclude>
    <ClInclude Include="OsuObjectList.h">
      <Filter>Header Files</Filter>
    </ClInclude>
    <ClInclude Include="stdafx.h">
      <Filter>Header Files\redact</Filter>
    </ClInclude>
    <ClInclude Include="targetver.h">
      <Filter>Header Files\redact</Filter>
    </ClInclude>
    <ClInclude Include="DBug.h">
      <Filter>Header Files</Filter>
    </ClInclude>
    <ClInclude Include="OsuAlgorithm.h">
      <Filter>Header Files</Filter>
    </ClInclude>
  </ItemGroup>
  <ItemGroup>
    <ClCompile Include="stdafx.cpp">
      <Filter>Source Files</Filter>
    </ClCompile>
    <ClCompile Include="osuParse.cpp">
      <Filter>Source Files</Filter>
    </ClCompile>
    <ClCompile Include="TimingPoint.cpp">
      <Filter>Source Files</Filter>
    </ClCompile>
    <ClCompile Include="HitObject.cpp">
      <Filter>Source Files</Filter>
    </ClCompile>
    <ClCompile Include="HitObjectList.cpp">
      <Filter>Source Files</Filter>
    </ClCompile>
    <ClCompile Include="TimingPointList.cpp">
      <Filter>Source Files</Filter>
    </ClCompile>
    <ClCompile Include="OsuObj.cpp">
      <Filter>Source Files</Filter>
    </ClCompile>
    <ClCompile Include="OsuObjList.cpp">
      <Filter>Source Files</Filter>
    </ClCompile>
    <ClCompile Include="BoundedDouble.cpp">
      <Filter>Source Files\primitives</Filter>
    </ClCompile>
    <ClCompile Include="BoundedInt.cpp">
      <Filter>Source Files\primitives</Filter>
    </ClCompile>
    <ClCompile Include="DBug.cpp">
      <Filter>Source Files</Filter>
    </ClCompile>
    <ClCompile Include="OsuAlgorithm.cpp">
      <Filter>Source Files</Filter>
    </ClCompile>
  </ItemGroup>
  <ItemGroup>
    <None Include="packages.config" />
  </ItemGroup>
</Project>